
Microsoft Visual Studio Solution File, Format Version 12.00
# Visual Studio 15
VisualStudioVersion = 15.0.27428.2011
MinimumVisualStudioVersion = 10.0.40219.1
Project("{FAE04EC0-301F-11D3-BF4B-00C04F79EFBC}") = "CPAS", "CPAS\CPAS.csproj", "{E24DB16B-7128-44EF-89E9-D226C34540F9}"
EndProject
Project("{FAE04EC0-301F-11D3-BF4B-00C04F79EFBC}") = "CPASTests", "CPASTests\CPASTests.csproj", "{6C583BC7-7F68-47BE-9CC4-2C36FE774E5F}"
EndProject
Project("{FAE04EC0-301F-11D3-BF4B-00C04F79EFBC}") = "LDSModel", "LDSModel\LDSModel.csproj", "{34FFA4BE-D267-4B92-A1C2-06C6F4F0C320}"
EndProject
Global
	GlobalSection(SolutionConfigurationPlatforms) = preSolution
		Debug|Any CPU = Debug|Any CPU
		Debug|x64 = Debug|x64
		Debug|x86 = Debug|x86
		Release|Any CPU = Release|Any CPU
		Release|x64 = Release|x64
		Release|x86 = Release|x86
	EndGlobalSection
	GlobalSection(ProjectConfigurationPlatforms) = postSolution
		{E24DB16B-7128-44EF-89E9-D226C34540F9}.Debug|Any CPU.ActiveCfg = Debug|x86
		{E24DB16B-7128-44EF-89E9-D226C34540F9}.Debug|Any CPU.Build.0 = Debug|x86
		{E24DB16B-7128-44EF-89E9-D226C34540F9}.Debug|x64.ActiveCfg = Debug|x86
		{E24DB16B-7128-44EF-89E9-D226C34540F9}.Debug|x86.ActiveCfg = Debug|x86
		{E24DB16B-7128-44EF-89E9-D226C34540F9}.Debug|x86.Build.0 = Debug|x86
		{E24DB16B-7128-44EF-89E9-D226C34540F9}.Release|Any CPU.ActiveCfg = Release|x86
		{E24DB16B-7128-44EF-89E9-D226C34540F9}.Release|x64.ActiveCfg = Release|x86
		{E24DB16B-7128-44EF-89E9-D226C34540F9}.Release|x86.ActiveCfg = Release|x86
		{E24DB16B-7128-44EF-89E9-D226C34540F9}.Release|x86.Build.0 = Release|x86
		{6C583BC7-7F68-47BE-9CC4-2C36FE774E5F}.Debug|Any CPU.ActiveCfg = Debug|Any CPU
		{6C583BC7-7F68-47BE-9CC4-2C36FE774E5F}.Debug|Any CPU.Build.0 = Debug|Any CPU
		{6C583BC7-7F68-47BE-9CC4-2C36FE774E5F}.Debug|x64.ActiveCfg = Debug|Any CPU
		{6C583BC7-7F68-47BE-9CC4-2C36FE774E5F}.Debug|x64.Build.0 = Debug|Any CPU
		{6C583BC7-7F68-47BE-9CC4-2C36FE774E5F}.Debug|x86.ActiveCfg = Debug|Any CPU
		{6C583BC7-7F68-47BE-9CC4-2C36FE774E5F}.Debug|x86.Build.0 = Debug|Any CPU
		{6C583BC7-7F68-47BE-9CC4-2C36FE774E5F}.Release|Any CPU.ActiveCfg = Release|Any CPU
		{6C583BC7-7F68-47BE-9CC4-2C36FE774E5F}.Release|Any CPU.Build.0 = Release|Any CPU
		{6C583BC7-7F68-47BE-9CC4-2C36FE774E5F}.Release|x64.ActiveCfg = Release|Any CPU
		{6C583BC7-7F68-47BE-9CC4-2C36FE774E5F}.Release|x64.Build.0 = Release|Any CPU
		{6C583BC7-7F68-47BE-9CC4-2C36FE774E5F}.Release|x86.ActiveCfg = Release|Any CPU
		{6C583BC7-7F68-47BE-9CC4-2C36FE774E5F}.Release|x86.Build.0 = Release|Any CPU
		{34FFA4BE-D267-4B92-A1C2-06C6F4F0C320}.Debug|Any CPU.ActiveCfg = Debug|Any CPU
		{34FFA4BE-D267-4B92-A1C2-06C6F4F0C320}.Debug|Any CPU.Build.0 = Debug|Any CPU
		{34FFA4BE-D267-4B92-A1C2-06C6F4F0C320}.Debug|x64.ActiveCfg = Debug|Any CPU
		{34FFA4BE-D267-4B92-A1C2-06C6F4F0C320}.Debug|x64.Build.0 = Debug|Any CPU
		{34FFA4BE-D267-4B92-A1C2-06C6F4F0C320}.Debug|x86.ActiveCfg = Debug|Any CPU
		{34FFA4BE-D267-4B92-A1C2-06C6F4F0C320}.Debug|x86.Build.0 = Debug|Any CPU
		{34FFA4BE-D267-4B92-A1C2-06C6F4F0C320}.Release|Any CPU.ActiveCfg = Release|Any CPU
		{34FFA4BE-D267-4B92-A1C2-06C6F4F0C320}.Release|Any CPU.Build.0 = Release|Any CPU
		{34FFA4BE-D267-4B92-A1C2-06C6F4F0C320}.Release|x64.ActiveCfg = Release|Any CPU
		{34FFA4BE-D267-4B92-A1C2-06C6F4F0C320}.Release|x64.Build.0 = Release|Any CPU
		{34FFA4BE-D267-4B92-A1C2-06C6F4F0C320}.Release|x86.ActiveCfg = Release|Any CPU
		{34FFA4BE-D267-4B92-A1C2-06C6F4F0C320}.Release|x86.Build.0 = Release|Any CPU
	EndGlobalSection
	GlobalSection(SolutionProperties) = preSolution
		HideSolutionNode = FALSE
	EndGlobalSection
	GlobalSection(ExtensibilityGlobals) = postSolution
		SolutionGuid = {0227B9F7-66F1-41CC-8B3F-5AB5C3047590}
	EndGlobalSection
EndGlobal
