
Microsoft Visual Studio Solution File, Format Version 12.00
# Visual Studio 15
VisualStudioVersion = 15.0.27428.2011
MinimumVisualStudioVersion = 10.0.40219.1
Project("{FAE04EC0-301F-11D3-BF4B-00C04F79EFBC}") = "CPAS", "CPAS\CPAS.csproj", "{E24DB16B-7128-44EF-89E9-D226C34540F9}"
EndProject
Global
	GlobalSection(SolutionConfigurationPlatforms) = preSolution
		Debug|x86 = Debug|x86
		Release|x86 = Release|x86
	EndGlobalSection
	GlobalSection(ProjectConfigurationPlatforms) = postSolution
		{E24DB16B-7128-44EF-89E9-D226C34540F9}.Debug|x86.ActiveCfg = Debug|x86
		{E24DB16B-7128-44EF-89E9-D226C34540F9}.Debug|x86.Build.0 = Debug|x86
		{E24DB16B-7128-44EF-89E9-D226C34540F9}.Release|x86.ActiveCfg = Release|x86
		{E24DB16B-7128-44EF-89E9-D226C34540F9}.Release|x86.Build.0 = Release|x86
	EndGlobalSection
	GlobalSection(SolutionProperties) = preSolution
		HideSolutionNode = FALSE
	EndGlobalSection
	GlobalSection(ExtensibilityGlobals) = postSolution
		SolutionGuid = {0227B9F7-66F1-41CC-8B3F-5AB5C3047590}
	EndGlobalSection
EndGlobal
